
Microsoft Visual Studio Solution File, Format Version 12.00
# Visual Studio 2013
VisualStudioVersion = 12.0.21005.1
MinimumVisualStudioVersion = 10.0.40219.1
Project("{2150E333-8FDC-42A3-9474-1A3956D46DE8}") = "src", "src", "{5AF6753B-94D5-4631-B33D-0FD882C9001C}"
EndProject
Project("{2150E333-8FDC-42A3-9474-1A3956D46DE8}") = "test", "test", "{B5509506-89F5-44A0-8BB8-0A5935747C3D}"
EndProject
Project("{FAE04EC0-301F-11D3-BF4B-00C04F79EFBC}") = "TorqueServer.Web", "src\TorqueServer.Web\TorqueServer.Web.csproj", "{E3342D4E-4369-4411-9DDC-F2BB48B67A9E}"
EndProject
Project("{FAE04EC0-301F-11D3-BF4B-00C04F79EFBC}") = "TorqueServer.Web.Tests", "test\TorqueServer.Web.Tests\TorqueServer.Web.Tests.csproj", "{1E442032-17F7-4A08-9D5B-A8C6D88080CF}"
EndProject
Project("{FAE04EC0-301F-11D3-BF4B-00C04F79EFBC}") = "TorqueServer.Domain", "TorqueServer.Domain\TorqueServer.Domain.csproj", "{608505D2-6232-4CB9-A1EE-711AF90160DD}"
EndProject
Global
	GlobalSection(SolutionConfigurationPlatforms) = preSolution
		Debug|Any CPU = Debug|Any CPU
		Release|Any CPU = Release|Any CPU
	EndGlobalSection
	GlobalSection(ProjectConfigurationPlatforms) = postSolution
		{E3342D4E-4369-4411-9DDC-F2BB48B67A9E}.Debug|Any CPU.ActiveCfg = Debug|Any CPU
		{E3342D4E-4369-4411-9DDC-F2BB48B67A9E}.Debug|Any CPU.Build.0 = Debug|Any CPU
		{E3342D4E-4369-4411-9DDC-F2BB48B67A9E}.Release|Any CPU.ActiveCfg = Release|Any CPU
		{E3342D4E-4369-4411-9DDC-F2BB48B67A9E}.Release|Any CPU.Build.0 = Release|Any CPU
		{1E442032-17F7-4A08-9D5B-A8C6D88080CF}.Debug|Any CPU.ActiveCfg = Debug|Any CPU
		{1E442032-17F7-4A08-9D5B-A8C6D88080CF}.Debug|Any CPU.Build.0 = Debug|Any CPU
		{1E442032-17F7-4A08-9D5B-A8C6D88080CF}.Release|Any CPU.ActiveCfg = Release|Any CPU
		{1E442032-17F7-4A08-9D5B-A8C6D88080CF}.Release|Any CPU.Build.0 = Release|Any CPU
		{608505D2-6232-4CB9-A1EE-711AF90160DD}.Debug|Any CPU.ActiveCfg = Debug|Any CPU
		{608505D2-6232-4CB9-A1EE-711AF90160DD}.Debug|Any CPU.Build.0 = Debug|Any CPU
		{608505D2-6232-4CB9-A1EE-711AF90160DD}.Release|Any CPU.ActiveCfg = Release|Any CPU
		{608505D2-6232-4CB9-A1EE-711AF90160DD}.Release|Any CPU.Build.0 = Release|Any CPU
	EndGlobalSection
	GlobalSection(SolutionProperties) = preSolution
		HideSolutionNode = FALSE
	EndGlobalSection
	GlobalSection(NestedProjects) = preSolution
		{E3342D4E-4369-4411-9DDC-F2BB48B67A9E} = {5AF6753B-94D5-4631-B33D-0FD882C9001C}
		{608505D2-6232-4CB9-A1EE-711AF90160DD} = {5AF6753B-94D5-4631-B33D-0FD882C9001C}
		{1E442032-17F7-4A08-9D5B-A8C6D88080CF} = {B5509506-89F5-44A0-8BB8-0A5935747C3D}
	EndGlobalSection
EndGlobal
